
Microsoft Visual Studio Solution File, Format Version 12.00
# Visual Studio Version 17
VisualStudioVersion = 17.7.34221.43
MinimumVisualStudioVersion = 10.0.40219.1
Project("{FAE04EC0-301F-11D3-BF4B-00C04F79EFBC}") = "Inheritance", "Inheritance\Inheritance.csproj", "{C1827BCE-EC87-431D-923C-1118910D26BE}"
EndProject
Global
	GlobalSection(SolutionConfigurationPlatforms) = preSolution
		Debug|Any CPU = Debug|Any CPU
		Release|Any CPU = Release|Any CPU
	EndGlobalSection
	GlobalSection(ProjectConfigurationPlatforms) = postSolution
		{C1827BCE-EC87-431D-923C-1118910D26BE}.Debug|Any CPU.ActiveCfg = Debug|Any CPU
		{C1827BCE-EC87-431D-923C-1118910D26BE}.Debug|Any CPU.Build.0 = Debug|Any CPU
		{C1827BCE-EC87-431D-923C-1118910D26BE}.Release|Any CPU.ActiveCfg = Release|Any CPU
		{C1827BCE-EC87-431D-923C-1118910D26BE}.Release|Any CPU.Build.0 = Release|Any CPU
	EndGlobalSection
	GlobalSection(SolutionProperties) = preSolution
		HideSolutionNode = FALSE
	EndGlobalSection
	GlobalSection(ExtensibilityGlobals) = postSolution
		SolutionGuid = {60E9DE38-6207-4F35-95DA-65DF2EF6E67B}
	EndGlobalSection
EndGlobal
